// !$*UTF8*$!
{
	archiveVersion = 1;
	classes = {
	};
	objectVersion = 50;
	objects = {

/* Begin PBXBuildFile section */
		B51F88D42657047A009EE98C /* Tests_iOS.swift in Sources */ = {isa = PBXBuildFile; fileRef = B51F88D32657047A009EE98C /* Tests_iOS.swift */; };
		B51F88DF2657047A009EE98C /* Tests_macOS.swift in Sources */ = {isa = PBXBuildFile; fileRef = B51F88DE2657047A009EE98C /* Tests_macOS.swift */; };
		B51F88E12657047A009EE98C /* SwiftUI_TutorialApp.swift in Sources */ = {isa = PBXBuildFile; fileRef = B51F88B826570478009EE98C /* SwiftUI_TutorialApp.swift */; };
		B51F88E22657047A009EE98C /* SwiftUI_TutorialApp.swift in Sources */ = {isa = PBXBuildFile; fileRef = B51F88B826570478009EE98C /* SwiftUI_TutorialApp.swift */; };
		B51F88E32657047A009EE98C /* ContentView.swift in Sources */ = {isa = PBXBuildFile; fileRef = B51F88B926570478009EE98C /* ContentView.swift */; };
		B51F88E42657047A009EE98C /* ContentView.swift in Sources */ = {isa = PBXBuildFile; fileRef = B51F88B926570478009EE98C /* ContentView.swift */; };
		B51F88E52657047A009EE98C /* Assets.xcassets in Resources */ = {isa = PBXBuildFile; fileRef = B51F88BA2657047A009EE98C /* Assets.xcassets */; };
		B51F88E62657047A009EE98C /* Assets.xcassets in Resources */ = {isa = PBXBuildFile; fileRef = B51F88BA2657047A009EE98C /* Assets.xcassets */; };
		B51F88F626570D4A009EE98C /* CircleImage.swift in Sources */ = {isa = PBXBuildFile; fileRef = B51F88F526570D4A009EE98C /* CircleImage.swift */; };
		B51F88F726570D4A009EE98C /* CircleImage.swift in Sources */ = {isa = PBXBuildFile; fileRef = B51F88F526570D4A009EE98C /* CircleImage.swift */; };
		B51F88F926570ECD009EE98C /* MapView.swift in Sources */ = {isa = PBXBuildFile; fileRef = B51F88F826570ECD009EE98C /* MapView.swift */; };
		B51F88FA26570ECD009EE98C /* MapView.swift in Sources */ = {isa = PBXBuildFile; fileRef = B51F88F826570ECD009EE98C /* MapView.swift */; };
		B549B30D2657FEE60066B8E0 /* LandmarkRow.swift in Sources */ = {isa = PBXBuildFile; fileRef = B549B30C2657FEE60066B8E0 /* LandmarkRow.swift */; };
		B549B30E2657FEE60066B8E0 /* LandmarkRow.swift in Sources */ = {isa = PBXBuildFile; fileRef = B549B30C2657FEE60066B8E0 /* LandmarkRow.swift */; };
		B58ED52C26575C190036B778 /* landmarkData.json in Resources */ = {isa = PBXBuildFile; fileRef = B58ED52B26575C190036B778 /* landmarkData.json */; };
		B58ED52D26575C190036B778 /* landmarkData.json in Resources */ = {isa = PBXBuildFile; fileRef = B58ED52B26575C190036B778 /* landmarkData.json */; };
		B58ED52F26575C520036B778 /* Landmark.swift in Sources */ = {isa = PBXBuildFile; fileRef = B58ED52E26575C520036B778 /* Landmark.swift */; };
		B58ED53026575C520036B778 /* Landmark.swift in Sources */ = {isa = PBXBuildFile; fileRef = B58ED52E26575C520036B778 /* Landmark.swift */; };
		B58ED53226575F6C0036B778 /* ModelData.swift in Sources */ = {isa = PBXBuildFile; fileRef = B58ED53126575F6C0036B778 /* ModelData.swift */; };
		B58ED53326575F6C0036B778 /* ModelData.swift in Sources */ = {isa = PBXBuildFile; fileRef = B58ED53126575F6C0036B778 /* ModelData.swift */; };
		B5ADA889265808B900A691B7 /* LandmarkList.swift in Sources */ = {isa = PBXBuildFile; fileRef = B5ADA888265808B900A691B7 /* LandmarkList.swift */; };
		B5ADA88A265808B900A691B7 /* LandmarkList.swift in Sources */ = {isa = PBXBuildFile; fileRef = B5ADA888265808B900A691B7 /* LandmarkList.swift */; };
		B5ADA88C26580AD800A691B7 /* LandmarkDetail.swift in Sources */ = {isa = PBXBuildFile; fileRef = B5ADA88B26580AD800A691B7 /* LandmarkDetail.swift */; };
		B5ADA88D26580AD800A691B7 /* LandmarkDetail.swift in Sources */ = {isa = PBXBuildFile; fileRef = B5ADA88B26580AD800A691B7 /* LandmarkDetail.swift */; };
/* End PBXBuildFile section */

/* Begin PBXContainerItemProxy section */
		B51F88D02657047A009EE98C /* PBXContainerItemProxy */ = {
			isa = PBXContainerItemProxy;
			containerPortal = B51F88B326570478009EE98C /* Project object */;
			proxyType = 1;
			remoteGlobalIDString = B51F88BE2657047A009EE98C;
			remoteInfo = "SwiftUI Tutorial (iOS)";
		};
		B51F88DB2657047A009EE98C /* PBXContainerItemProxy */ = {
			isa = PBXContainerItemProxy;
			containerPortal = B51F88B326570478009EE98C /* Project object */;
			proxyType = 1;
			remoteGlobalIDString = B51F88C62657047A009EE98C;
			remoteInfo = "SwiftUI Tutorial (macOS)";
		};
/* End PBXContainerItemProxy section */

/* Begin PBXFileReference section */
		B51F88B826570478009EE98C /* SwiftUI_TutorialApp.swift */ = {isa = PBXFileReference; lastKnownFileType = sourcecode.swift; path = SwiftUI_TutorialApp.swift; sourceTree = "<group>"; };
		B51F88B926570478009EE98C /* ContentView.swift */ = {isa = PBXFileReference; lastKnownFileType = sourcecode.swift; path = ContentView.swift; sourceTree = "<group>"; };
		B51F88BA2657047A009EE98C /* Assets.xcassets */ = {isa = PBXFileReference; lastKnownFileType = folder.assetcatalog; path = Assets.xcassets; sourceTree = "<group>"; };
		B51F88BF2657047A009EE98C /* SwiftUI Tutorial.app */ = {isa = PBXFileReference; explicitFileType = wrapper.application; includeInIndex = 0; path = "SwiftUI Tutorial.app"; sourceTree = BUILT_PRODUCTS_DIR; };
		B51F88C22657047A009EE98C /* Info.plist */ = {isa = PBXFileReference; lastKnownFileType = text.plist.xml; path = Info.plist; sourceTree = "<group>"; };
		B51F88C72657047A009EE98C /* SwiftUI Tutorial.app */ = {isa = PBXFileReference; explicitFileType = wrapper.application; includeInIndex = 0; path = "SwiftUI Tutorial.app"; sourceTree = BUILT_PRODUCTS_DIR; };
		B51F88C92657047A009EE98C /* Info.plist */ = {isa = PBXFileReference; lastKnownFileType = text.plist.xml; path = Info.plist; sourceTree = "<group>"; };
		B51F88CA2657047A009EE98C /* macOS.entitlements */ = {isa = PBXFileReference; lastKnownFileType = text.plist.entitlements; path = macOS.entitlements; sourceTree = "<group>"; };
		B51F88CF2657047A009EE98C /* Tests iOS.xctest */ = {isa = PBXFileReference; explicitFileType = wrapper.cfbundle; includeInIndex = 0; path = "Tests iOS.xctest"; sourceTree = BUILT_PRODUCTS_DIR; };
		B51F88D32657047A009EE98C /* Tests_iOS.swift */ = {isa = PBXFileReference; lastKnownFileType = sourcecode.swift; path = Tests_iOS.swift; sourceTree = "<group>"; };
		B51F88D52657047A009EE98C /* Info.plist */ = {isa = PBXFileReference; lastKnownFileType = text.plist.xml; path = Info.plist; sourceTree = "<group>"; };
		B51F88DA2657047A009EE98C /* Tests macOS.xctest */ = {isa = PBXFileReference; explicitFileType = wrapper.cfbundle; includeInIndex = 0; path = "Tests macOS.xctest"; sourceTree = BUILT_PRODUCTS_DIR; };
		B51F88DE2657047A009EE98C /* Tests_macOS.swift */ = {isa = PBXFileReference; lastKnownFileType = sourcecode.swift; path = Tests_macOS.swift; sourceTree = "<group>"; };
		B51F88E02657047A009EE98C /* Info.plist */ = {isa = PBXFileReference; lastKnownFileType = text.plist.xml; path = Info.plist; sourceTree = "<group>"; };
		B51F88F526570D4A009EE98C /* CircleImage.swift */ = {isa = PBXFileReference; lastKnownFileType = sourcecode.swift; path = CircleImage.swift; sourceTree = "<group>"; };
		B51F88F826570ECD009EE98C /* MapView.swift */ = {isa = PBXFileReference; lastKnownFileType = sourcecode.swift; path = MapView.swift; sourceTree = "<group>"; };
		B549B30C2657FEE60066B8E0 /* LandmarkRow.swift */ = {isa = PBXFileReference; lastKnownFileType = sourcecode.swift; path = LandmarkRow.swift; sourceTree = "<group>"; };
		B58ED52B26575C190036B778 /* landmarkData.json */ = {isa = PBXFileReference; fileEncoding = 4; lastKnownFileType = text.json; path = landmarkData.json; sourceTree = "<group>"; };
		B58ED52E26575C520036B778 /* Landmark.swift */ = {isa = PBXFileReference; lastKnownFileType = sourcecode.swift; path = Landmark.swift; sourceTree = "<group>"; };
		B58ED53126575F6C0036B778 /* ModelData.swift */ = {isa = PBXFileReference; lastKnownFileType = sourcecode.swift; path = ModelData.swift; sourceTree = "<group>"; };
		B5ADA888265808B900A691B7 /* LandmarkList.swift */ = {isa = PBXFileReference; lastKnownFileType = sourcecode.swift; path = LandmarkList.swift; sourceTree = "<group>"; };
		B5ADA88B26580AD800A691B7 /* LandmarkDetail.swift */ = {isa = PBXFileReference; lastKnownFileType = sourcecode.swift; path = LandmarkDetail.swift; sourceTree = "<group>"; };
/* End PBXFileReference section */

/* Begin PBXFrameworksBuildPhase section */
		B51F88BC2657047A009EE98C /* Frameworks */ = {
			isa = PBXFrameworksBuildPhase;
			buildActionMask = 2147483647;
			files = (
			);
			runOnlyForDeploymentPostprocessing = 0;
		};
		B51F88C42657047A009EE98C /* Frameworks */ = {
			isa = PBXFrameworksBuildPhase;
			buildActionMask = 2147483647;
			files = (
			);
			runOnlyForDeploymentPostprocessing = 0;
		};
		B51F88CC2657047A009EE98C /* Frameworks */ = {
			isa = PBXFrameworksBuildPhase;
			buildActionMask = 2147483647;
			files = (
			);
			runOnlyForDeploymentPostprocessing = 0;
		};
		B51F88D72657047A009EE98C /* Frameworks */ = {
			isa = PBXFrameworksBuildPhase;
			buildActionMask = 2147483647;
			files = (
			);
			runOnlyForDeploymentPostprocessing = 0;
		};
/* End PBXFrameworksBuildPhase section */

/* Begin PBXGroup section */
		B51F88B226570478009EE98C = {
			isa = PBXGroup;
			children = (
				B51F88B726570478009EE98C /* Shared */,
				B51F88C12657047A009EE98C /* iOS */,
				B51F88C82657047A009EE98C /* macOS */,
				B51F88D22657047A009EE98C /* Tests iOS */,
				B51F88DD2657047A009EE98C /* Tests macOS */,
				B51F88C02657047A009EE98C /* Products */,
			);
			sourceTree = "<group>";
		};
		B51F88B726570478009EE98C /* Shared */ = {
			isa = PBXGroup;
			children = (
				B58ED5362657636D0036B778 /* Model */,
				B58ED5352657635C0036B778 /* Resources */,
				B58ED534265763460036B778 /* Views */,
				B51F88B826570478009EE98C /* SwiftUI_TutorialApp.swift */,
				B51F88BA2657047A009EE98C /* Assets.xcassets */,
			);
			path = Shared;
			sourceTree = "<group>";
		};
		B51F88C02657047A009EE98C /* Products */ = {
			isa = PBXGroup;
			children = (
				B51F88BF2657047A009EE98C /* SwiftUI Tutorial.app */,
				B51F88C72657047A009EE98C /* SwiftUI Tutorial.app */,
				B51F88CF2657047A009EE98C /* Tests iOS.xctest */,
				B51F88DA2657047A009EE98C /* Tests macOS.xctest */,
			);
			name = Products;
			sourceTree = "<group>";
		};
		B51F88C12657047A009EE98C /* iOS */ = {
			isa = PBXGroup;
			children = (
				B51F88C22657047A009EE98C /* Info.plist */,
			);
			path = iOS;
			sourceTree = "<group>";
		};
		B51F88C82657047A009EE98C /* macOS */ = {
			isa = PBXGroup;
			children = (
				B51F88C92657047A009EE98C /* Info.plist */,
				B51F88CA2657047A009EE98C /* macOS.entitlements */,
			);
			path = macOS;
			sourceTree = "<group>";
		};
		B51F88D22657047A009EE98C /* Tests iOS */ = {
			isa = PBXGroup;
			children = (
				B51F88D32657047A009EE98C /* Tests_iOS.swift */,
				B51F88D52657047A009EE98C /* Info.plist */,
			);
			path = "Tests iOS";
			sourceTree = "<group>";
		};
		B51F88DD2657047A009EE98C /* Tests macOS */ = {
			isa = PBXGroup;
			children = (
				B51F88DE2657047A009EE98C /* Tests_macOS.swift */,
				B51F88E02657047A009EE98C /* Info.plist */,
			);
			path = "Tests macOS";
			sourceTree = "<group>";
		};
		B58ED534265763460036B778 /* Views */ = {
			isa = PBXGroup;
			children = (
				B51F88F826570ECD009EE98C /* MapView.swift */,
				B51F88F526570D4A009EE98C /* CircleImage.swift */,
				B51F88B926570478009EE98C /* ContentView.swift */,
				B549B30C2657FEE60066B8E0 /* LandmarkRow.swift */,
				B5ADA888265808B900A691B7 /* LandmarkList.swift */,
				B5ADA88B26580AD800A691B7 /* LandmarkDetail.swift */,
			);
			path = Views;
			sourceTree = "<group>";
		};
		B58ED5352657635C0036B778 /* Resources */ = {
			isa = PBXGroup;
			children = (
				B58ED52B26575C190036B778 /* landmarkData.json */,
			);
			path = Resources;
			sourceTree = "<group>";
		};
		B58ED5362657636D0036B778 /* Model */ = {
			isa = PBXGroup;
			children = (
				B58ED52E26575C520036B778 /* Landmark.swift */,
				B58ED53126575F6C0036B778 /* ModelData.swift */,
			);
			path = Model;
			sourceTree = "<group>";
		};
/* End PBXGroup section */

/* Begin PBXNativeTarget section */
		B51F88BE2657047A009EE98C /* SwiftUI Tutorial (iOS) */ = {
			isa = PBXNativeTarget;
			buildConfigurationList = B51F88E92657047A009EE98C /* Build configuration list for PBXNativeTarget "SwiftUI Tutorial (iOS)" */;
			buildPhases = (
				B51F88BB2657047A009EE98C /* Sources */,
				B51F88BC2657047A009EE98C /* Frameworks */,
				B51F88BD2657047A009EE98C /* Resources */,
			);
			buildRules = (
			);
			dependencies = (
			);
			name = "SwiftUI Tutorial (iOS)";
			productName = "SwiftUI Tutorial (iOS)";
			productReference = B51F88BF2657047A009EE98C /* SwiftUI Tutorial.app */;
			productType = "com.apple.product-type.application";
		};
		B51F88C62657047A009EE98C /* SwiftUI Tutorial (macOS) */ = {
			isa = PBXNativeTarget;
			buildConfigurationList = B51F88EC2657047A009EE98C /* Build configuration list for PBXNativeTarget "SwiftUI Tutorial (macOS)" */;
			buildPhases = (
				B51F88C32657047A009EE98C /* Sources */,
				B51F88C42657047A009EE98C /* Frameworks */,
				B51F88C52657047A009EE98C /* Resources */,
			);
			buildRules = (
			);
			dependencies = (
			);
			name = "SwiftUI Tutorial (macOS)";
			productName = "SwiftUI Tutorial (macOS)";
			productReference = B51F88C72657047A009EE98C /* SwiftUI Tutorial.app */;
			productType = "com.apple.product-type.application";
		};
		B51F88CE2657047A009EE98C /* Tests iOS */ = {
			isa = PBXNativeTarget;
			buildConfigurationList = B51F88EF2657047A009EE98C /* Build configuration list for PBXNativeTarget "Tests iOS" */;
			buildPhases = (
				B51F88CB2657047A009EE98C /* Sources */,
				B51F88CC2657047A009EE98C /* Frameworks */,
				B51F88CD2657047A009EE98C /* Resources */,
			);
			buildRules = (
			);
			dependencies = (
				B51F88D12657047A009EE98C /* PBXTargetDependency */,
			);
			name = "Tests iOS";
			productName = "Tests iOS";
			productReference = B51F88CF2657047A009EE98C /* Tests iOS.xctest */;
			productType = "com.apple.product-type.bundle.ui-testing";
		};
		B51F88D92657047A009EE98C /* Tests macOS */ = {
			isa = PBXNativeTarget;
			buildConfigurationList = B51F88F22657047A009EE98C /* Build configuration list for PBXNativeTarget "Tests macOS" */;
			buildPhases = (
				B51F88D62657047A009EE98C /* Sources */,
				B51F88D72657047A009EE98C /* Frameworks */,
				B51F88D82657047A009EE98C /* Resources */,
			);
			buildRules = (
			);
			dependencies = (
				B51F88DC2657047A009EE98C /* PBXTargetDependency */,
			);
			name = "Tests macOS";
			productName = "Tests macOS";
			productReference = B51F88DA2657047A009EE98C /* Tests macOS.xctest */;
			productType = "com.apple.product-type.bundle.ui-testing";
		};
/* End PBXNativeTarget section */

/* Begin PBXProject section */
		B51F88B326570478009EE98C /* Project object */ = {
			isa = PBXProject;
			attributes = {
				LastSwiftUpdateCheck = 1250;
				LastUpgradeCheck = 1250;
				TargetAttributes = {
					B51F88BE2657047A009EE98C = {
						CreatedOnToolsVersion = 12.5;
					};
					B51F88C62657047A009EE98C = {
						CreatedOnToolsVersion = 12.5;
					};
					B51F88CE2657047A009EE98C = {
						CreatedOnToolsVersion = 12.5;
						TestTargetID = B51F88BE2657047A009EE98C;
					};
					B51F88D92657047A009EE98C = {
						CreatedOnToolsVersion = 12.5;
						TestTargetID = B51F88C62657047A009EE98C;
					};
				};
			};
			buildConfigurationList = B51F88B626570478009EE98C /* Build configuration list for PBXProject "SwiftUI Tutorial" */;
			compatibilityVersion = "Xcode 9.3";
			developmentRegion = en;
			hasScannedForEncodings = 0;
			knownRegions = (
				en,
				Base,
			);
			mainGroup = B51F88B226570478009EE98C;
			productRefGroup = B51F88C02657047A009EE98C /* Products */;
			projectDirPath = "";
			projectRoot = "";
			targets = (
				B51F88BE2657047A009EE98C /* SwiftUI Tutorial (iOS) */,
				B51F88C62657047A009EE98C /* SwiftUI Tutorial (macOS) */,
				B51F88CE2657047A009EE98C /* Tests iOS */,
				B51F88D92657047A009EE98C /* Tests macOS */,
			);
		};
/* End PBXProject section */

/* Begin PBXResourcesBuildPhase section */
		B51F88BD2657047A009EE98C /* Resources */ = {
			isa = PBXResourcesBuildPhase;
			buildActionMask = 2147483647;
			files = (
				B51F88E52657047A009EE98C /* Assets.xcassets in Resources */,
				B58ED52C26575C190036B778 /* landmarkData.json in Resources */,
			);
			runOnlyForDeploymentPostprocessing = 0;
		};
		B51F88C52657047A009EE98C /* Resources */ = {
			isa = PBXResourcesBuildPhase;
			buildActionMask = 2147483647;
			files = (
				B51F88E62657047A009EE98C /* Assets.xcassets in Resources */,
				B58ED52D26575C190036B778 /* landmarkData.json in Resources */,
			);
			runOnlyForDeploymentPostprocessing = 0;
		};
		B51F88CD2657047A009EE98C /* Resources */ = {
			isa = PBXResourcesBuildPhase;
			buildActionMask = 2147483647;
			files = (
			);
			runOnlyForDeploymentPostprocessing = 0;
		};
		B51F88D82657047A009EE98C /* Resources */ = {
			isa = PBXResourcesBuildPhase;
			buildActionMask = 2147483647;
			files = (
			);
			runOnlyForDeploymentPostprocessing = 0;
		};
/* End PBXResourcesBuildPhase section */

/* Begin PBXSourcesBuildPhase section */
		B51F88BB2657047A009EE98C /* Sources */ = {
			isa = PBXSourcesBuildPhase;
			buildActionMask = 2147483647;
			files = (
				B51F88E32657047A009EE98C /* ContentView.swift in Sources */,
				B51F88F926570ECD009EE98C /* MapView.swift in Sources */,
				B51F88E12657047A009EE98C /* SwiftUI_TutorialApp.swift in Sources */,
				B5ADA889265808B900A691B7 /* LandmarkList.swift in Sources */,
				B5ADA88C26580AD800A691B7 /* LandmarkDetail.swift in Sources */,
				B51F88F626570D4A009EE98C /* CircleImage.swift in Sources */,
				B58ED52F26575C520036B778 /* Landmark.swift in Sources */,
				B549B30D2657FEE60066B8E0 /* LandmarkRow.swift in Sources */,
				B58ED53226575F6C0036B778 /* ModelData.swift in Sources */,
			);
			runOnlyForDeploymentPostprocessing = 0;
		};
		B51F88C32657047A009EE98C /* Sources */ = {
			isa = PBXSourcesBuildPhase;
			buildActionMask = 2147483647;
			files = (
				B51F88E42657047A009EE98C /* ContentView.swift in Sources */,
				B51F88FA26570ECD009EE98C /* MapView.swift in Sources */,
				B51F88E22657047A009EE98C /* SwiftUI_TutorialApp.swift in Sources */,
				B5ADA88A265808B900A691B7 /* LandmarkList.swift in Sources */,
				B5ADA88D26580AD800A691B7 /* LandmarkDetail.swift in Sources */,
				B51F88F726570D4A009EE98C /* CircleImage.swift in Sources */,
				B58ED53026575C520036B778 /* Landmark.swift in Sources */,
				B549B30E2657FEE60066B8E0 /* LandmarkRow.swift in Sources */,
				B58ED53326575F6C0036B778 /* ModelData.swift in Sources */,
			);
			runOnlyForDeploymentPostprocessing = 0;
		};
		B51F88CB2657047A009EE98C /* Sources */ = {
			isa = PBXSourcesBuildPhase;
			buildActionMask = 2147483647;
			files = (
				B51F88D42657047A009EE98C /* Tests_iOS.swift in Sources */,
			);
			runOnlyForDeploymentPostprocessing = 0;
		};
		B51F88D62657047A009EE98C /* Sources */ = {
			isa = PBXSourcesBuildPhase;
			buildActionMask = 2147483647;
			files = (
				B51F88DF2657047A009EE98C /* Tests_macOS.swift in Sources */,
			);
			runOnlyForDeploymentPostprocessing = 0;
		};
/* End PBXSourcesBuildPhase section */

/* Begin PBXTargetDependency section */
		B51F88D12657047A009EE98C /* PBXTargetDependency */ = {
			isa = PBXTargetDependency;
			target = B51F88BE2657047A009EE98C /* SwiftUI Tutorial (iOS) */;
			targetProxy = B51F88D02657047A009EE98C /* PBXContainerItemProxy */;
		};
		B51F88DC2657047A009EE98C /* PBXTargetDependency */ = {
			isa = PBXTargetDependency;
			target = B51F88C62657047A009EE98C /* SwiftUI Tutorial (macOS) */;
			targetProxy = B51F88DB2657047A009EE98C /* PBXContainerItemProxy */;
		};
/* End PBXTargetDependency section */

/* Begin XCBuildConfiguration section */
		B51F88E72657047A009EE98C /* Debug */ = {
			isa = XCBuildConfiguration;
			buildSettings = {
				ALWAYS_SEARCH_USER_PATHS = NO;
				CLANG_ANALYZER_NONNULL = YES;
				CLANG_ANALYZER_NUMBER_OBJECT_CONVERSION = YES_AGGRESSIVE;
				CLANG_CXX_LANGUAGE_STANDARD = "gnu++14";
				CLANG_CXX_LIBRARY = "libc++";
				CLANG_ENABLE_MODULES = YES;
				CLANG_ENABLE_OBJC_ARC = YES;
				CLANG_ENABLE_OBJC_WEAK = YES;
				CLANG_WARN_BLOCK_CAPTURE_AUTORELEASING = YES;
				CLANG_WARN_BOOL_CONVERSION = YES;
				CLANG_WARN_COMMA = YES;
				CLANG_WARN_CONSTANT_CONVERSION = YES;
				CLANG_WARN_DEPRECATED_OBJC_IMPLEMENTATIONS = YES;
				CLANG_WARN_DIRECT_OBJC_ISA_USAGE = YES_ERROR;
				CLANG_WARN_DOCUMENTATION_COMMENTS = YES;
				CLANG_WARN_EMPTY_BODY = YES;
				CLANG_WARN_ENUM_CONVERSION = YES;
				CLANG_WARN_INFINITE_RECURSION = YES;
				CLANG_WARN_INT_CONVERSION = YES;
				CLANG_WARN_NON_LITERAL_NULL_CONVERSION = YES;
				CLANG_WARN_OBJC_IMPLICIT_RETAIN_SELF = YES;
				CLANG_WARN_OBJC_LITERAL_CONVERSION = YES;
				CLANG_WARN_OBJC_ROOT_CLASS = YES_ERROR;
				CLANG_WARN_QUOTED_INCLUDE_IN_FRAMEWORK_HEADER = YES;
				CLANG_WARN_RANGE_LOOP_ANALYSIS = YES;
				CLANG_WARN_STRICT_PROTOTYPES = YES;
				CLANG_WARN_SUSPICIOUS_MOVE = YES;
				CLANG_WARN_UNGUARDED_AVAILABILITY = YES_AGGRESSIVE;
				CLANG_WARN_UNREACHABLE_CODE = YES;
				CLANG_WARN__DUPLICATE_METHOD_MATCH = YES;
				COPY_PHASE_STRIP = NO;
				DEBUG_INFORMATION_FORMAT = dwarf;
				ENABLE_STRICT_OBJC_MSGSEND = YES;
				ENABLE_TESTABILITY = YES;
				GCC_C_LANGUAGE_STANDARD = gnu11;
				GCC_DYNAMIC_NO_PIC = NO;
				GCC_NO_COMMON_BLOCKS = YES;
				GCC_OPTIMIZATION_LEVEL = 0;
				GCC_PREPROCESSOR_DEFINITIONS = (
					"DEBUG=1",
					"$(inherited)",
				);
				GCC_WARN_64_TO_32_BIT_CONVERSION = YES;
				GCC_WARN_ABOUT_RETURN_TYPE = YES_ERROR;
				GCC_WARN_UNDECLARED_SELECTOR = YES;
				GCC_WARN_UNINITIALIZED_AUTOS = YES_AGGRESSIVE;
				GCC_WARN_UNUSED_FUNCTION = YES;
				GCC_WARN_UNUSED_VARIABLE = YES;
				MTL_ENABLE_DEBUG_INFO = INCLUDE_SOURCE;
				MTL_FAST_MATH = YES;
				ONLY_ACTIVE_ARCH = YES;
				SWIFT_ACTIVE_COMPILATION_CONDITIONS = DEBUG;
				SWIFT_OPTIMIZATION_LEVEL = "-Onone";
			};
			name = Debug;
		};
		B51F88E82657047A009EE98C /* Release */ = {
			isa = XCBuildConfiguration;
			buildSettings = {
				ALWAYS_SEARCH_USER_PATHS = NO;
				CLANG_ANALYZER_NONNULL = YES;
				CLANG_ANALYZER_NUMBER_OBJECT_CONVERSION = YES_AGGRESSIVE;
				CLANG_CXX_LANGUAGE_STANDARD = "gnu++14";
				CLANG_CXX_LIBRARY = "libc++";
				CLANG_ENABLE_MODULES = YES;
				CLANG_ENABLE_OBJC_ARC = YES;
				CLANG_ENABLE_OBJC_WEAK = YES;
				CLANG_WARN_BLOCK_CAPTURE_AUTORELEASING = YES;
				CLANG_WARN_BOOL_CONVERSION = YES;
				CLANG_WARN_COMMA = YES;
				CLANG_WARN_CONSTANT_CONVERSION = YES;
				CLANG_WARN_DEPRECATED_OBJC_IMPLEMENTATIONS = YES;
				CLANG_WARN_DIRECT_OBJC_ISA_USAGE = YES_ERROR;
				CLANG_WARN_DOCUMENTATION_COMMENTS = YES;
				CLANG_WARN_EMPTY_BODY = YES;
				CLANG_WARN_ENUM_CONVERSION = YES;
				CLANG_WARN_INFINITE_RECURSION = YES;
				CLANG_WARN_INT_CONVERSION = YES;
				CLANG_WARN_NON_LITERAL_NULL_CONVERSION = YES;
				CLANG_WARN_OBJC_IMPLICIT_RETAIN_SELF = YES;
				CLANG_WARN_OBJC_LITERAL_CONVERSION = YES;
				CLANG_WARN_OBJC_ROOT_CLASS = YES_ERROR;
				CLANG_WARN_QUOTED_INCLUDE_IN_FRAMEWORK_HEADER = YES;
				CLANG_WARN_RANGE_LOOP_ANALYSIS = YES;
				CLANG_WARN_STRICT_PROTOTYPES = YES;
				CLANG_WARN_SUSPICIOUS_MOVE = YES;
				CLANG_WARN_UNGUARDED_AVAILABILITY = YES_AGGRESSIVE;
				CLANG_WARN_UNREACHABLE_CODE = YES;
				CLANG_WARN__DUPLICATE_METHOD_MATCH = YES;
				COPY_PHASE_STRIP = NO;
				DEBUG_INFORMATION_FORMAT = "dwarf-with-dsym";
				ENABLE_NS_ASSERTIONS = NO;
				ENABLE_STRICT_OBJC_MSGSEND = YES;
				GCC_C_LANGUAGE_STANDARD = gnu11;
				GCC_NO_COMMON_BLOCKS = YES;
				GCC_WARN_64_TO_32_BIT_CONVERSION = YES;
				GCC_WARN_ABOUT_RETURN_TYPE = YES_ERROR;
				GCC_WARN_UNDECLARED_SELECTOR = YES;
				GCC_WARN_UNINITIALIZED_AUTOS = YES_AGGRESSIVE;
				GCC_WARN_UNUSED_FUNCTION = YES;
				GCC_WARN_UNUSED_VARIABLE = YES;
				MTL_ENABLE_DEBUG_INFO = NO;
				MTL_FAST_MATH = YES;
				SWIFT_COMPILATION_MODE = wholemodule;
				SWIFT_OPTIMIZATION_LEVEL = "-O";
			};
			name = Release;
		};
		B51F88EA2657047A009EE98C /* Debug */ = {
			isa = XCBuildConfiguration;
			buildSettings = {
				ASSETCATALOG_COMPILER_APPICON_NAME = AppIcon;
				ASSETCATALOG_COMPILER_GLOBAL_ACCENT_COLOR_NAME = AccentColor;
				CODE_SIGN_STYLE = Automatic;
				DEVELOPMENT_TEAM = DP35G3JNX9;
				ENABLE_PREVIEWS = YES;
				INFOPLIST_FILE = iOS/Info.plist;
				IPHONEOS_DEPLOYMENT_TARGET = 14.0;
				LD_RUNPATH_SEARCH_PATHS = (
					"$(inherited)",
					"@executable_path/Frameworks",
				);
				PRODUCT_BUNDLE_IDENTIFIER = "AbdullahRidwan.SwiftUI-Tutorial";
				PRODUCT_NAME = "SwiftUI Tutorial";
				SDKROOT = iphoneos;
				SWIFT_VERSION = 5.0;
				TARGETED_DEVICE_FAMILY = "1,2";
			};
			name = Debug;
		};
		B51F88EB2657047A009EE98C /* Release */ = {
			isa = XCBuildConfiguration;
			buildSettings = {
				ASSETCATALOG_COMPILER_APPICON_NAME = AppIcon;
				ASSETCATALOG_COMPILER_GLOBAL_ACCENT_COLOR_NAME = AccentColor;
				CODE_SIGN_STYLE = Automatic;
				DEVELOPMENT_TEAM = DP35G3JNX9;
				ENABLE_PREVIEWS = YES;
				INFOPLIST_FILE = iOS/Info.plist;
				IPHONEOS_DEPLOYMENT_TARGET = 14.0;
				LD_RUNPATH_SEARCH_PATHS = (
					"$(inherited)",
					"@executable_path/Frameworks",
				);
				PRODUCT_BUNDLE_IDENTIFIER = "AbdullahRidwan.SwiftUI-Tutorial";
				PRODUCT_NAME = "SwiftUI Tutorial";
				SDKROOT = iphoneos;
				SWIFT_VERSION = 5.0;
				TARGETED_DEVICE_FAMILY = "1,2";
				VALIDATE_PRODUCT = YES;
			};
			name = Release;
		};
		B51F88ED2657047A009EE98C /* Debug */ = {
			isa = XCBuildConfiguration;
			buildSettings = {
				ASSETCATALOG_COMPILER_APPICON_NAME = AppIcon;
				ASSETCATALOG_COMPILER_GLOBAL_ACCENT_COLOR_NAME = AccentColor;
				CODE_SIGN_ENTITLEMENTS = macOS/macOS.entitlements;
				CODE_SIGN_STYLE = Automatic;
				COMBINE_HIDPI_IMAGES = YES;
				ENABLE_PREVIEWS = YES;
				INFOPLIST_FILE = macOS/Info.plist;
				LD_RUNPATH_SEARCH_PATHS = (
					"$(inherited)",
					"@executable_path/../Frameworks",
				);
				MACOSX_DEPLOYMENT_TARGET = 11.0;
				PRODUCT_BUNDLE_IDENTIFIER = "AbdullahRidwan.SwiftUI-Tutorial";
				PRODUCT_NAME = "SwiftUI Tutorial";
				SDKROOT = macosx;
				SWIFT_VERSION = 5.0;
			};
			name = Debug;
		};
		B51F88EE2657047A009EE98C /* Release */ = {
			isa = XCBuildConfiguration;
			buildSettings = {
				ASSETCATALOG_COMPILER_APPICON_NAME = AppIcon;
				ASSETCATALOG_COMPILER_GLOBAL_ACCENT_COLOR_NAME = AccentColor;
				CODE_SIGN_ENTITLEMENTS = macOS/macOS.entitlements;
				CODE_SIGN_STYLE = Automatic;
				COMBINE_HIDPI_IMAGES = YES;
				ENABLE_PREVIEWS = YES;
				INFOPLIST_FILE = macOS/Info.plist;
				LD_RUNPATH_SEARCH_PATHS = (
					"$(inherited)",
					"@executable_path/../Frameworks",
				);
				MACOSX_DEPLOYMENT_TARGET = 11.0;
				PRODUCT_BUNDLE_IDENTIFIER = "AbdullahRidwan.SwiftUI-Tutorial";
				PRODUCT_NAME = "SwiftUI Tutorial";
				SDKROOT = macosx;
				SWIFT_VERSION = 5.0;
			};
			name = Release;
		};
		B51F88F02657047A009EE98C /* Debug */ = {
			isa = XCBuildConfiguration;
			buildSettings = {
				ALWAYS_EMBED_SWIFT_STANDARD_LIBRARIES = YES;
				CODE_SIGN_STYLE = Automatic;
				INFOPLIST_FILE = "Tests iOS/Info.plist";
				IPHONEOS_DEPLOYMENT_TARGET = 14.5;
				LD_RUNPATH_SEARCH_PATHS = (
					"$(inherited)",
					"@executable_path/Frameworks",
					"@loader_path/Frameworks",
				);
				PRODUCT_BUNDLE_IDENTIFIER = "AbdullahRidwan.Tests-iOS";
				PRODUCT_NAME = "$(TARGET_NAME)";
				SDKROOT = iphoneos;
				SWIFT_VERSION = 5.0;
				TARGETED_DEVICE_FAMILY = "1,2";
				TEST_TARGET_NAME = "SwiftUI Tutorial (iOS)";
			};
			name = Debug;
		};
		B51F88F12657047A009EE98C /* Release */ = {
			isa = XCBuildConfiguration;
			buildSettings = {
				ALWAYS_EMBED_SWIFT_STANDARD_LIBRARIES = YES;
				CODE_SIGN_STYLE = Automatic;
				INFOPLIST_FILE = "Tests iOS/Info.plist";
				IPHONEOS_DEPLOYMENT_TARGET = 14.5;
				LD_RUNPATH_SEARCH_PATHS = (
					"$(inherited)",
					"@executable_path/Frameworks",
					"@loader_path/Frameworks",
				);
				PRODUCT_BUNDLE_IDENTIFIER = "AbdullahRidwan.Tests-iOS";
				PRODUCT_NAME = "$(TARGET_NAME)";
				SDKROOT = iphoneos;
				SWIFT_VERSION = 5.0;
				TARGETED_DEVICE_FAMILY = "1,2";
				TEST_TARGET_NAME = "SwiftUI Tutorial (iOS)";
				VALIDATE_PRODUCT = YES;
			};
			name = Release;
		};
		B51F88F32657047A009EE98C /* Debug */ = {
			isa = XCBuildConfiguration;
			buildSettings = {
				ALWAYS_EMBED_SWIFT_STANDARD_LIBRARIES = YES;
				CODE_SIGN_STYLE = Automatic;
				COMBINE_HIDPI_IMAGES = YES;
				INFOPLIST_FILE = "Tests macOS/Info.plist";
				LD_RUNPATH_SEARCH_PATHS = (
					"$(inherited)",
					"@executable_path/../Frameworks",
					"@loader_path/../Frameworks",
				);
				MACOSX_DEPLOYMENT_TARGET = 11.3;
				PRODUCT_BUNDLE_IDENTIFIER = "AbdullahRidwan.Tests-macOS";
				PRODUCT_NAME = "$(TARGET_NAME)";
				SDKROOT = macosx;
				SWIFT_VERSION = 5.0;
				TEST_TARGET_NAME = "SwiftUI Tutorial (macOS)";
			};
			name = Debug;
		};
		B51F88F42657047A009EE98C /* Release */ = {
			isa = XCBuildConfiguration;
			buildSettings = {
				ALWAYS_EMBED_SWIFT_STANDARD_LIBRARIES = YES;
				CODE_SIGN_STYLE = Automatic;
				COMBINE_HIDPI_IMAGES = YES;
				INFOPLIST_FILE = "Tests macOS/Info.plist";
				LD_RUNPATH_SEARCH_PATHS = (
					"$(inherited)",
					"@executable_path/../Frameworks",
					"@loader_path/../Frameworks",
				);
				MACOSX_DEPLOYMENT_TARGET = 11.3;
				PRODUCT_BUNDLE_IDENTIFIER = "AbdullahRidwan.Tests-macOS";
				PRODUCT_NAME = "$(TARGET_NAME)";
				SDKROOT = macosx;
				SWIFT_VERSION = 5.0;
				TEST_TARGET_NAME = "SwiftUI Tutorial (macOS)";
			};
			name = Release;
		};
/* End XCBuildConfiguration section */

/* Begin XCConfigurationList section */
		B51F88B626570478009EE98C /* Build configuration list for PBXProject "SwiftUI Tutorial" */ = {
			isa = XCConfigurationList;
			buildConfigurations = (
				B51F88E72657047A009EE98C /* Debug */,
				B51F88E82657047A009EE98C /* Release */,
			);
			defaultConfigurationIsVisible = 0;
			defaultConfigurationName = Release;
		};
		B51F88E92657047A009EE98C /* Build configuration list for PBXNativeTarget "SwiftUI Tutorial (iOS)" */ = {
			isa = XCConfigurationList;
			buildConfigurations = (
				B51F88EA2657047A009EE98C /* Debug */,
				B51F88EB2657047A009EE98C /* Release */,
			);
			defaultConfigurationIsVisible = 0;
			defaultConfigurationName = Release;
		};
		B51F88EC2657047A009EE98C /* Build configuration list for PBXNativeTarget "SwiftUI Tutorial (macOS)" */ = {
			isa = XCConfigurationList;
			buildConfigurations = (
				B51F88ED2657047A009EE98C /* Debug */,
				B51F88EE2657047A009EE98C /* Release */,
			);
			defaultConfigurationIsVisible = 0;
			defaultConfigurationName = Release;
		};
		B51F88EF2657047A009EE98C /* Build configuration list for PBXNativeTarget "Tests iOS" */ = {
			isa = XCConfigurationList;
			buildConfigurations = (
				B51F88F02657047A009EE98C /* Debug */,
				B51F88F12657047A009EE98C /* Release */,
			);
			defaultConfigurationIsVisible = 0;
			defaultConfigurationName = Release;
		};
		B51F88F22657047A009EE98C /* Build configuration list for PBXNativeTarget "Tests macOS" */ = {
			isa = XCConfigurationList;
			buildConfigurations = (
				B51F88F32657047A009EE98C /* Debug */,
				B51F88F42657047A009EE98C /* Release */,
			);
			defaultConfigurationIsVisible = 0;
			defaultConfigurationName = Release;
		};
/* End XCConfigurationList section */
	};
	rootObject = B51F88B326570478009EE98C /* Project object */;
}
